
Microsoft Visual Studio Solution File, Format Version 12.00
# Visual Studio 2017
Project("{FAE04EC0-301F-11D3-BF4B-00C04F79EFBC}") = "TaiDouDestoryGod", "TaiDouDestoryGod.csproj", "{12507283-817C-AE10-F924-17A471F9AC12}"
EndProject
Project("{FAE04EC0-301F-11D3-BF4B-00C04F79EFBC}") = "TaiDouDestoryGod.Editor", "TaiDouDestoryGod.Editor.csproj", "{531EAC03-7229-2C34-7045-E9036D9E9241}"
EndProject
Global
	GlobalSection(SolutionConfigurationPlatforms) = preSolution
		Debug|Any CPU = Debug|Any CPU
		Release|Any CPU = Release|Any CPU
	EndGlobalSection
	GlobalSection(ProjectConfigurationPlatforms) = postSolution
		{12507283-817C-AE10-F924-17A471F9AC12}.Debug|Any CPU.ActiveCfg = Debug|Any CPU
		{12507283-817C-AE10-F924-17A471F9AC12}.Debug|Any CPU.Build.0 = Debug|Any CPU
		{12507283-817C-AE10-F924-17A471F9AC12}.Release|Any CPU.ActiveCfg = Release|Any CPU
		{12507283-817C-AE10-F924-17A471F9AC12}.Release|Any CPU.Build.0 = Release|Any CPU
		{531EAC03-7229-2C34-7045-E9036D9E9241}.Debug|Any CPU.ActiveCfg = Debug|Any CPU
		{531EAC03-7229-2C34-7045-E9036D9E9241}.Debug|Any CPU.Build.0 = Debug|Any CPU
		{531EAC03-7229-2C34-7045-E9036D9E9241}.Release|Any CPU.ActiveCfg = Release|Any CPU
		{531EAC03-7229-2C34-7045-E9036D9E9241}.Release|Any CPU.Build.0 = Release|Any CPU
	EndGlobalSection
	GlobalSection(SolutionProperties) = preSolution
		HideSolutionNode = FALSE
	EndGlobalSection
EndGlobal
